
Microsoft Visual Studio Solution File, Format Version 12.00
# Visual Studio Version 16
VisualStudioVersion = 16.0.30114.105
MinimumVisualStudioVersion = 10.0.40219.1
Project("{9A19103F-16F7-4668-BE54-9A1E7A4F7556}") = "SimilarityAlgorithm", "SimilarityAlgorithm\SimilarityAlgorithm.csproj", "{489D21FB-ADC0-4644-898A-23E05FCCEBED}"
EndProject
Project("{FAE04EC0-301F-11D3-BF4B-00C04F79EFBC}") = "OptimisationAlgorithm", "OptimisationAlgorithm\OptimisationAlgorithm.csproj", "{4B83B3FB-62C5-483F-A0FD-B01A3E75FB0C}"
EndProject
Project("{FAE04EC0-301F-11D3-BF4B-00C04F79EFBC}") = "CL_Helper", "CL_Helper\CL_Helper.csproj", "{E87DB85E-96FF-482C-AE5F-73F1D042F728}"
EndProject
Global
	GlobalSection(SolutionConfigurationPlatforms) = preSolution
		Debug|Any CPU = Debug|Any CPU
		Release|Any CPU = Release|Any CPU
	EndGlobalSection
	GlobalSection(ProjectConfigurationPlatforms) = postSolution
		{489D21FB-ADC0-4644-898A-23E05FCCEBED}.Debug|Any CPU.ActiveCfg = Debug|Any CPU
		{489D21FB-ADC0-4644-898A-23E05FCCEBED}.Debug|Any CPU.Build.0 = Debug|Any CPU
		{489D21FB-ADC0-4644-898A-23E05FCCEBED}.Release|Any CPU.ActiveCfg = Release|Any CPU
		{489D21FB-ADC0-4644-898A-23E05FCCEBED}.Release|Any CPU.Build.0 = Release|Any CPU
		{4B83B3FB-62C5-483F-A0FD-B01A3E75FB0C}.Debug|Any CPU.ActiveCfg = Debug|Any CPU
		{4B83B3FB-62C5-483F-A0FD-B01A3E75FB0C}.Debug|Any CPU.Build.0 = Debug|Any CPU
		{4B83B3FB-62C5-483F-A0FD-B01A3E75FB0C}.Release|Any CPU.ActiveCfg = Release|Any CPU
		{4B83B3FB-62C5-483F-A0FD-B01A3E75FB0C}.Release|Any CPU.Build.0 = Release|Any CPU
		{E87DB85E-96FF-482C-AE5F-73F1D042F728}.Debug|Any CPU.ActiveCfg = Debug|Any CPU
		{E87DB85E-96FF-482C-AE5F-73F1D042F728}.Debug|Any CPU.Build.0 = Debug|Any CPU
		{E87DB85E-96FF-482C-AE5F-73F1D042F728}.Release|Any CPU.ActiveCfg = Release|Any CPU
		{E87DB85E-96FF-482C-AE5F-73F1D042F728}.Release|Any CPU.Build.0 = Release|Any CPU
	EndGlobalSection
	GlobalSection(SolutionProperties) = preSolution
		HideSolutionNode = FALSE
	EndGlobalSection
	GlobalSection(ExtensibilityGlobals) = postSolution
		SolutionGuid = {AAC11A86-1687-4345-A97B-41A6D468BBBF}
	EndGlobalSection
EndGlobal
